
Microsoft Visual Studio Solution File, Format Version 12.00
# Visual Studio Version 16
VisualStudioVersion = 16.0.29728.190
MinimumVisualStudioVersion = 10.0.40219.1
Project("{2150E333-8FDC-42A3-9474-1A3956D46DE8}") = "src", "src", "{107F2423-6B97-49B7-9FFC-CE074BD11075}"
EndProject
Project("{2150E333-8FDC-42A3-9474-1A3956D46DE8}") = "test", "test", "{FBF9FDC2-A2A4-458A-BF6B-BBE29521844F}"
EndProject
Project("{FAE04EC0-301F-11D3-BF4B-00C04F79EFBC}") = "Bank.Data", "Bank.Data\Bank.Data.csproj", "{9849E018-3307-40BE-88BA-DC4FBB3215D7}"
EndProject
Global
	GlobalSection(SolutionConfigurationPlatforms) = preSolution
		Debug|Any CPU = Debug|Any CPU
		Release|Any CPU = Release|Any CPU
	EndGlobalSection
	GlobalSection(ProjectConfigurationPlatforms) = postSolution
		{9849E018-3307-40BE-88BA-DC4FBB3215D7}.Debug|Any CPU.ActiveCfg = Debug|Any CPU
		{9849E018-3307-40BE-88BA-DC4FBB3215D7}.Debug|Any CPU.Build.0 = Debug|Any CPU
		{9849E018-3307-40BE-88BA-DC4FBB3215D7}.Release|Any CPU.ActiveCfg = Release|Any CPU
		{9849E018-3307-40BE-88BA-DC4FBB3215D7}.Release|Any CPU.Build.0 = Release|Any CPU
	EndGlobalSection
	GlobalSection(SolutionProperties) = preSolution
		HideSolutionNode = FALSE
	EndGlobalSection
	GlobalSection(NestedProjects) = preSolution
		{9849E018-3307-40BE-88BA-DC4FBB3215D7} = {107F2423-6B97-49B7-9FFC-CE074BD11075}
	EndGlobalSection
	GlobalSection(ExtensibilityGlobals) = postSolution
		SolutionGuid = {4BA3E600-0559-428C-A797-B3943AD5E802}
	EndGlobalSection
EndGlobal
